
Microsoft Visual Studio Solution File, Format Version 12.00
# Visual Studio Version 16
VisualStudioVersion = 16.0.30523.141
MinimumVisualStudioVersion = 10.0.40219.1
Project("{9A19103F-16F7-4668-BE54-9A1E7A4F7556}") = "hotkey-soundboard", "hotkey-soundboard\hotkey-soundboard.csproj", "{FE4D1CAA-9506-4848-B31D-16B3940F31A1}"
EndProject
Global
	GlobalSection(SolutionConfigurationPlatforms) = preSolution
		Debug|Any CPU = Debug|Any CPU
		Release|Any CPU = Release|Any CPU
	EndGlobalSection
	GlobalSection(ProjectConfigurationPlatforms) = postSolution
		{FE4D1CAA-9506-4848-B31D-16B3940F31A1}.Debug|Any CPU.ActiveCfg = Debug|Any CPU
		{FE4D1CAA-9506-4848-B31D-16B3940F31A1}.Debug|Any CPU.Build.0 = Debug|Any CPU
		{FE4D1CAA-9506-4848-B31D-16B3940F31A1}.Release|Any CPU.ActiveCfg = Release|Any CPU
		{FE4D1CAA-9506-4848-B31D-16B3940F31A1}.Release|Any CPU.Build.0 = Release|Any CPU
	EndGlobalSection
	GlobalSection(SolutionProperties) = preSolution
		HideSolutionNode = FALSE
	EndGlobalSection
	GlobalSection(ExtensibilityGlobals) = postSolution
		SolutionGuid = {8AB91F76-3307-45E9-9626-4071862544FC}
	EndGlobalSection
EndGlobal
